
Microsoft Visual Studio Solution File, Format Version 12.00
# Visual Studio Version 16
VisualStudioVersion = 16.0.32413.511
MinimumVisualStudioVersion = 10.0.40219.1
Project("{FAE04EC0-301F-11D3-BF4B-00C04F79EFBC}") = "2022.12.01", "2022.12.01.csproj", "{FDDCA8C7-68DD-4413-BF74-4DDC5EB878D4}"
EndProject
Global
	GlobalSection(SolutionConfigurationPlatforms) = preSolution
		Debug|Any CPU = Debug|Any CPU
		Release|Any CPU = Release|Any CPU
	EndGlobalSection
	GlobalSection(ProjectConfigurationPlatforms) = postSolution
		{FDDCA8C7-68DD-4413-BF74-4DDC5EB878D4}.Debug|Any CPU.ActiveCfg = Debug|Any CPU
		{FDDCA8C7-68DD-4413-BF74-4DDC5EB878D4}.Debug|Any CPU.Build.0 = Debug|Any CPU
		{FDDCA8C7-68DD-4413-BF74-4DDC5EB878D4}.Release|Any CPU.ActiveCfg = Release|Any CPU
		{FDDCA8C7-68DD-4413-BF74-4DDC5EB878D4}.Release|Any CPU.Build.0 = Release|Any CPU
	EndGlobalSection
	GlobalSection(SolutionProperties) = preSolution
		HideSolutionNode = FALSE
	EndGlobalSection
	GlobalSection(ExtensibilityGlobals) = postSolution
		SolutionGuid = {966B4BFE-4B98-4336-A8D4-116C8EB160C0}
	EndGlobalSection
EndGlobal
